
Microsoft Visual Studio Solution File, Format Version 12.00
# Visual Studio Version 16
VisualStudioVersion = 16.0.31515.178
MinimumVisualStudioVersion = 10.0.40219.1
Project("{FAE04EC0-301F-11D3-BF4B-00C04F79EFBC}") = "Loginn", "Loginn\Loginn.csproj", "{FCD18DFE-7DF4-4D6A-B410-AADF0FF623A6}"
EndProject
Global
	GlobalSection(SolutionConfigurationPlatforms) = preSolution
		Debug|Any CPU = Debug|Any CPU
		Release|Any CPU = Release|Any CPU
	EndGlobalSection
	GlobalSection(ProjectConfigurationPlatforms) = postSolution
		{FCD18DFE-7DF4-4D6A-B410-AADF0FF623A6}.Debug|Any CPU.ActiveCfg = Debug|Any CPU
		{FCD18DFE-7DF4-4D6A-B410-AADF0FF623A6}.Debug|Any CPU.Build.0 = Debug|Any CPU
		{FCD18DFE-7DF4-4D6A-B410-AADF0FF623A6}.Release|Any CPU.ActiveCfg = Release|Any CPU
		{FCD18DFE-7DF4-4D6A-B410-AADF0FF623A6}.Release|Any CPU.Build.0 = Release|Any CPU
	EndGlobalSection
	GlobalSection(SolutionProperties) = preSolution
		HideSolutionNode = FALSE
	EndGlobalSection
	GlobalSection(ExtensibilityGlobals) = postSolution
		SolutionGuid = {11E413A8-80E0-4B47-8CC2-A7753ADBC09F}
	EndGlobalSection
EndGlobal
